
Microsoft Visual Studio Solution File, Format Version 12.00
# Visual Studio Version 17
VisualStudioVersion = 17.5.33530.505
MinimumVisualStudioVersion = 10.0.40219.1
Project("{9A19103F-16F7-4668-BE54-9A1E7A4F7556}") = "Medness", "Medness.csproj", "{8A56EBEC-4DA3-45DE-9B84-FD8F737A697F}"
EndProject
Global
	GlobalSection(SolutionConfigurationPlatforms) = preSolution
		Debug|Any CPU = Debug|Any CPU
		ExportDebug|Any CPU = ExportDebug|Any CPU
		ExportRelease|Any CPU = ExportRelease|Any CPU
		Release|Any CPU = Release|Any CPU
	EndGlobalSection
	GlobalSection(ProjectConfigurationPlatforms) = postSolution
		{8A56EBEC-4DA3-45DE-9B84-FD8F737A697F}.Debug|Any CPU.ActiveCfg = Debug|Any CPU
		{8A56EBEC-4DA3-45DE-9B84-FD8F737A697F}.Debug|Any CPU.Build.0 = Debug|Any CPU
		{8A56EBEC-4DA3-45DE-9B84-FD8F737A697F}.ExportDebug|Any CPU.ActiveCfg = ExportDebug|Any CPU
		{8A56EBEC-4DA3-45DE-9B84-FD8F737A697F}.ExportDebug|Any CPU.Build.0 = ExportDebug|Any CPU
		{8A56EBEC-4DA3-45DE-9B84-FD8F737A697F}.ExportRelease|Any CPU.ActiveCfg = ExportRelease|Any CPU
		{8A56EBEC-4DA3-45DE-9B84-FD8F737A697F}.ExportRelease|Any CPU.Build.0 = ExportRelease|Any CPU
		{8A56EBEC-4DA3-45DE-9B84-FD8F737A697F}.Release|Any CPU.ActiveCfg = ExportRelease|Any CPU
		{8A56EBEC-4DA3-45DE-9B84-FD8F737A697F}.Release|Any CPU.Build.0 = ExportRelease|Any CPU
	EndGlobalSection
	GlobalSection(SolutionProperties) = preSolution
		HideSolutionNode = FALSE
	EndGlobalSection
	GlobalSection(ExtensibilityGlobals) = postSolution
		SolutionGuid = {3DDD7C58-CBB8-42A9-B23C-07E73D7D356A}
	EndGlobalSection
EndGlobal
